
Microsoft Visual Studio Solution File, Format Version 12.00
# Visual Studio Version 16
VisualStudioVersion = 16.0.29926.136
MinimumVisualStudioVersion = 10.0.40219.1
Project("{FAE04EC0-301F-11D3-BF4B-00C04F79EFBC}") = "RegistrationForm", "RegistrationForm.csproj", "{06CD314C-F3EE-4306-8B75-9E057E2B54AD}"
EndProject
Global
	GlobalSection(SolutionConfigurationPlatforms) = preSolution
		Debug|Any CPU = Debug|Any CPU
		Release|Any CPU = Release|Any CPU
	EndGlobalSection
	GlobalSection(ProjectConfigurationPlatforms) = postSolution
		{06CD314C-F3EE-4306-8B75-9E057E2B54AD}.Debug|Any CPU.ActiveCfg = Debug|Any CPU
		{06CD314C-F3EE-4306-8B75-9E057E2B54AD}.Debug|Any CPU.Build.0 = Debug|Any CPU
		{06CD314C-F3EE-4306-8B75-9E057E2B54AD}.Release|Any CPU.ActiveCfg = Release|Any CPU
		{06CD314C-F3EE-4306-8B75-9E057E2B54AD}.Release|Any CPU.Build.0 = Release|Any CPU
	EndGlobalSection
	GlobalSection(SolutionProperties) = preSolution
		HideSolutionNode = FALSE
	EndGlobalSection
	GlobalSection(ExtensibilityGlobals) = postSolution
		SolutionGuid = {4651C7A4-1F37-4535-B3C6-EAB5F58F28A1}
	EndGlobalSection
EndGlobal
